uuid: 8fb4b854-cc17-4020-8664-7df5fa5b243b
langcode: en
status: true
dependencies:
  config:
    - field.storage.paragraph.field_submenu_block
    - paragraphs.paragraphs_type.menu_paragraph
id: paragraph.menu_paragraph.field_submenu_block
field_name: field_submenu_block
entity_type: paragraph
bundle: menu_paragraph
label: 'Submenu Block'
description: ''
required: false
translatable: false
default_value: {  }
default_value_callback: ''
settings:
  handler: 'default:block'
  handler_settings: {  }
field_type: entity_reference
